Microsoft Visual Studio Solution File, Format Version 12.00
# Visual Studio 2012
Project("{2150E333-8FDC-42A3-9474-1A3956D46DE8}") = "lib", "lib", "{212D87E6-2C27-4D21-82DD-A6E1F698A8C0}"
	ProjectSection(SolutionItems) = preProject
		..\lib\Bhavesh's Utilities.dll = ..\lib\Bhavesh's Utilities.dll
		..\lib\Bhavesh'sWindowsControlLibrary.dll = ..\lib\Bhavesh'sWindowsControlLibrary.dll
	EndProjectSection
EndProject
Project("{FAE04EC0-301F-11D3-BF4B-00C04F79EFBC}") = "MessageClassLibrary", "MessageClassLibrary\MessageClassLibrary.csproj", "{83DE2CDA-AACF-4783-B838-4DCC4905CBAC}"
EndProject
Project("{FAE04EC0-301F-11D3-BF4B-00C04F79EFBC}") = "TextMessageViewer", "TextMessageViewer\TextMessageViewer.csproj", "{786E78A9-A1D1-44D6-B49B-11B16DE62D54}"
EndProject
Project("{FAE04EC0-301F-11D3-BF4B-00C04F79EFBC}") = "MessageClassLibrary.Tests", "MessageClassLibrary.Tests\MessageClassLibrary.Tests.csproj", "{7E2B176B-AF6E-4605-AAB0-368BBC3F72B2}"
EndProject
Project("{FAE04EC0-301F-11D3-BF4B-00C04F79EFBC}") = "MessageViewer", "MessageViewer\MessageViewer.csproj", "{1C9F0662-BAAC-4881-862D-489CCAA0CF30}"
EndProject
Project("{FAE04EC0-301F-11D3-BF4B-00C04F79EFBC}") = "Contacts", "Contacts\Contacts.csproj", "{A5FC862A-A05E-473B-8032-A171B6411331}"
EndProject
Project("{2150E333-8FDC-42A3-9474-1A3956D46DE8}") = ".nuget", ".nuget", "{0CBE043C-AEA6-43AF-9251-3218273089FD}"
	ProjectSection(SolutionItems) = preProject
		.nuget\NuGet.Config = .nuget\NuGet.Config
		.nuget\NuGet.exe = .nuget\NuGet.exe
		.nuget\NuGet.targets = .nuget\NuGet.targets
	EndProjectSection
EndProject
Project("{FAE04EC0-301F-11D3-BF4B-00C04F79EFBC}") = "Contacts.Tests", "Contacts.Tests\Contacts.Tests.csproj", "{A0692950-042F-418B-8FEF-F01720A15700}"
EndProject
Global
	GlobalSection(SolutionConfigurationPlatforms) = preSolution
		Debug|Any CPU = Debug|Any CPU
		Release|Any CPU = Release|Any CPU
	EndGlobalSection
	GlobalSection(ProjectConfigurationPlatforms) = postSolution
		{83DE2CDA-AACF-4783-B838-4DCC4905CBAC}.Debug|Any CPU.ActiveCfg = Debug|Any CPU
		{83DE2CDA-AACF-4783-B838-4DCC4905CBAC}.Debug|Any CPU.Build.0 = Debug|Any CPU
		{83DE2CDA-AACF-4783-B838-4DCC4905CBAC}.Release|Any CPU.ActiveCfg = Release|Any CPU
		{83DE2CDA-AACF-4783-B838-4DCC4905CBAC}.Release|Any CPU.Build.0 = Release|Any CPU
		{786E78A9-A1D1-44D6-B49B-11B16DE62D54}.Debug|Any CPU.ActiveCfg = Debug|Any CPU
		{786E78A9-A1D1-44D6-B49B-11B16DE62D54}.Debug|Any CPU.Build.0 = Debug|Any CPU
		{786E78A9-A1D1-44D6-B49B-11B16DE62D54}.Release|Any CPU.ActiveCfg = Release|Any CPU
		{786E78A9-A1D1-44D6-B49B-11B16DE62D54}.Release|Any CPU.Build.0 = Release|Any CPU
		{7E2B176B-AF6E-4605-AAB0-368BBC3F72B2}.Debug|Any CPU.ActiveCfg = Debug|Any CPU
		{7E2B176B-AF6E-4605-AAB0-368BBC3F72B2}.Debug|Any CPU.Build.0 = Debug|Any CPU
		{7E2B176B-AF6E-4605-AAB0-368BBC3F72B2}.Release|Any CPU.ActiveCfg = Release|Any CPU
		{7E2B176B-AF6E-4605-AAB0-368BBC3F72B2}.Release|Any CPU.Build.0 = Release|Any CPU
		{1C9F0662-BAAC-4881-862D-489CCAA0CF30}.Debug|Any CPU.ActiveCfg = Debug|Any CPU
		{1C9F0662-BAAC-4881-862D-489CCAA0CF30}.Debug|Any CPU.Build.0 = Debug|Any CPU
		{1C9F0662-BAAC-4881-862D-489CCAA0CF30}.Release|Any CPU.ActiveCfg = Release|Any CPU
		{1C9F0662-BAAC-4881-862D-489CCAA0CF30}.Release|Any CPU.Build.0 = Release|Any CPU
		{A5FC862A-A05E-473B-8032-A171B6411331}.Debug|Any CPU.ActiveCfg = Debug|Any CPU
		{A5FC862A-A05E-473B-8032-A171B6411331}.Debug|Any CPU.Build.0 = Debug|Any CPU
		{A5FC862A-A05E-473B-8032-A171B6411331}.Release|Any CPU.ActiveCfg = Release|Any CPU
		{A5FC862A-A05E-473B-8032-A171B6411331}.Release|Any CPU.Build.0 = Release|Any CPU
		{A0692950-042F-418B-8FEF-F01720A15700}.Debug|Any CPU.ActiveCfg = Debug|Any CPU
		{A0692950-042F-418B-8FEF-F01720A15700}.Debug|Any CPU.Build.0 = Debug|Any CPU
		{A0692950-042F-418B-8FEF-F01720A15700}.Release|Any CPU.ActiveCfg = Release|Any CPU
		{A0692950-042F-418B-8FEF-F01720A15700}.Release|Any CPU.Build.0 = Release|Any CPU
	EndGlobalSection
	GlobalSection(SolutionProperties) = preSolution
		HideSolutionNode = FALSE
	EndGlobalSection
EndGlobal
